// !$*UTF8*$!
{
	archiveVersion = 1;
	classes = {
	};
	objectVersion = 46;
	objects = {

/* Begin PBXBuildFile section */
		0D0C131118F65DDD00C90A5F /* Hashtag.m in Sources */ = {isa = PBXBuildFile; fileRef = 0D0C131018F65DDD00C90A5F /* Hashtag.m */; };
		0D0C131418FB72B600C90A5F /* FavFilled.png in Resources */ = {isa = PBXBuildFile; fileRef = 0D0C131218FB72B600C90A5F /* FavFilled.png */; };
		0D0C131518FB72B600C90A5F /* FavUnfilled.png in Resources */ = {isa = PBXBuildFile; fileRef = 0D0C131318FB72B600C90A5F /* FavUnfilled.png */; };
		0D0C131718FB762600C90A5F /* KefItIcon.png in Resources */ = {isa = PBXBuildFile; fileRef = 0D0C131618FB762600C90A5F /* KefItIcon.png */; };
		0D0C131B18FB824600C90A5F /* SubmitView.m in Sources */ = {isa = PBXBuildFile; fileRef = 0D0C131A18FB824600C90A5F /* SubmitView.m */; };
		0D4F49FC18F0ACA000F901AE /* PlaceListView.m in Sources */ = {isa = PBXBuildFile; fileRef = 0D4F49FB18F0ACA000F901AE /* PlaceListView.m */; };
		0D4F4A0018F0AD8100F901AE /* PlaceList.m in Sources */ = {isa = PBXBuildFile; fileRef = 0D4F49FF18F0AD8100F901AE /* PlaceList.m */; };
		0D4F4A0318F0ADF700F901AE /* Place.m in Sources */ = {isa = PBXBuildFile; fileRef = 0D4F4A0218F0ADF700F901AE /* Place.m */; };
		0D4F4A0918F0B66A00F901AE /* PlaceCell.m in Sources */ = {isa = PBXBuildFile; fileRef = 0D4F4A0818F0B66A00F901AE /* PlaceCell.m */; };
		0D4F4A0D18F0B78100F901AE /* bar_64.png in Resources */ = {isa = PBXBuildFile; fileRef = 0D4F4A0C18F0B78100F901AE /* bar_64.png */; };
		0D4FDB2C19416F9300B0F28F /* LeftAlignFlowLayout.m in Sources */ = {isa = PBXBuildFile; fileRef = 0D4FDB2B19416F9300B0F28F /* LeftAlignFlowLayout.m */; };
		0D727EA318F099F1008310FC /* Foundation.framework in Frameworks */ = {isa = PBXBuildFile; fileRef = 0D727EA218F099F1008310FC /* Foundation.framework */; };
		0D727EA718F099F1008310FC /* UIKit.framework in Frameworks */ = {isa = PBXBuildFile; fileRef = 0D727EA618F099F1008310FC /* UIKit.framework */; };
		0D727EAD18F099F1008310FC /* InfoPlist.strings in Resources */ = {isa = PBXBuildFile; fileRef = 0D727EAB18F099F1008310FC /* InfoPlist.strings */; };
		0D727EAF18F099F1008310FC /* main.m in Sources */ = {isa = PBXBuildFile; fileRef = 0D727EAE18F099F1008310FC /* main.m */; };
		0D727EB318F099F1008310FC /* AppDelegate.m in Sources */ = {isa = PBXBuildFile; fileRef = 0D727EB218F099F1008310FC /* AppDelegate.m */; };
		0D727EB618F099F1008310FC /* Main.storyboard in Resources */ = {isa = PBXBuildFile; fileRef = 0D727EB418F099F1008310FC /* Main.storyboard */; };
		0D727EBB18F099F1008310FC /* Images.xcassets in Resources */ = {isa = PBXBuildFile; fileRef = 0D727EBA18F099F1008310FC /* Images.xcassets */; };
		0D727EC218F099F2008310FC /* XCTest.framework in Frameworks */ = {isa = PBXBuildFile; fileRef = 0D727EC118F099F2008310FC /* XCTest.framework */; };
		0D727EC318F099F2008310FC /* Foundation.framework in Frameworks */ = {isa = PBXBuildFile; fileRef = 0D727EA218F099F1008310FC /* Foundation.framework */; };
		0D727EC418F099F2008310FC /* UIKit.framework in Frameworks */ = {isa = PBXBuildFile; fileRef = 0D727EA618F099F1008310FC /* UIKit.framework */; };
		0D727ECC18F099F2008310FC /* InfoPlist.strings in Resources */ = {isa = PBXBuildFile; fileRef = 0D727ECA18F099F2008310FC /* InfoPlist.strings */; };
		0D727ECE18F099F2008310FC /* KefiTests.m in Sources */ = {isa = PBXBuildFile; fileRef = 0D727ECD18F099F2008310FC /* KefiTests.m */; };
		0D81466418F0E3670072702B /* KefiService.m in Sources */ = {isa = PBXBuildFile; fileRef = 0D81466318F0E3660072702B /* KefiService.m */; };
		0D81466718F10DD90072702B /* PlaceDetailView.m in Sources */ = {isa = PBXBuildFile; fileRef = 0D81466618F10DD90072702B /* PlaceDetailView.m */; };
		0D81466D18F1259F0072702B /* SearchView.m in Sources */ = {isa = PBXBuildFile; fileRef = 0D81466C18F1259F0072702B /* SearchView.m */; };
		0DB0B4381921D8DF008D5624 /* SubmitReviewDetailView.m in Sources */ = {isa = PBXBuildFile; fileRef = 0DB0B4371921D8DF008D5624 /* SubmitReviewDetailView.m */; };
		DA089B38192016120055FD31 /* smallCircleFull.png in Resources */ = {isa = PBXBuildFile; fileRef = DA089B31192016120055FD31 /* smallCircleFull.png */; };
		DA089B39192016120055FD31 /* smallCircle.png in Resources */ = {isa = PBXBuildFile; fileRef = DA089B32192016120055FD31 /* smallCircle.png */; };
		DA089B3A192016120055FD31 /* fullCircle.png in Resources */ = {isa = PBXBuildFile; fileRef = DA089B33192016120055FD31 /* fullCircle.png */; };
		DA089B3B192016120055FD31 /* semiHappy.png in Resources */ = {isa = PBXBuildFile; fileRef = DA089B34192016120055FD31 /* semiHappy.png */; };
		DA089B3C192016120055FD31 /* soHappy.png in Resources */ = {isa = PBXBuildFile; fileRef = DA089B35192016120055FD31 /* soHappy.png */; };
		DA089B3D192016120055FD31 /* eh.png in Resources */ = {isa = PBXBuildFile; fileRef = DA089B36192016120055FD31 /* eh.png */; };
		DA089B3E192016120055FD31 /* soPissed.png in Resources */ = {isa = PBXBuildFile; fileRef = DA089B37192016120055FD31 /* soPissed.png */; };
		DA089B4119235C210055FD31 /* Review.m in Sources */ = {isa = PBXBuildFile; fileRef = DA089B4019235C210055FD31 /* Review.m */; };
		DA089B8B1925CFF80055FD31 /* HashtagCollectionCell.m in Sources */ = {isa = PBXBuildFile; fileRef = DA089B8A1925CFF80055FD31 /* HashtagCollectionCell.m */; };
		DA2AB1331946E4920010BE81 /* FacebookSDK.framework in Frameworks */ = {isa = PBXBuildFile; fileRef = DA2AB1311946E3EE0010BE81 /* FacebookSDK.framework */; };
		DA9EB651191EDF4F00C375B3 /* MapKit.framework in Frameworks */ = {isa = PBXBuildFile; fileRef = DA9EB650191EDF4F00C375B3 /* MapKit.framework */; };
		DAE95AAA193012B300109E75 /* AudioToolbox.framework in Frameworks */ = {isa = PBXBuildFile; fileRef = DAE95AA9193012B300109E75 /* AudioToolbox.framework */; };
		DAE95AAC193012BC00109E75 /* CFNetwork.framework in Frameworks */ = {isa = PBXBuildFile; fileRef = DAE95AAB193012BC00109E75 /* CFNetwork.framework */; };
		DAE95AAE193012D300109E75 /* libz.dylib in Frameworks */ = {isa = PBXBuildFile; fileRef = DAE95AAD193012D300109E75 /* libz.dylib */; };
		DAE95AB0193012DF00109E75 /* MobileCoreServices.framework in Frameworks */ = {isa = PBXBuildFile; fileRef = DAE95AAF193012DF00109E75 /* MobileCoreServices.framework */; };
		DAE95AB2193012E800109E75 /* QuartzCore.framework in Frameworks */ = {isa = PBXBuildFile; fileRef = DAE95AB1193012E800109E75 /* QuartzCore.framework */; };
		DAE95AB4193012F000109E75 /* Security.framework in Frameworks */ = {isa = PBXBuildFile; fileRef = DAE95AB3193012F000109E75 /* Security.framework */; };
		DAE95AB6193012FA00109E75 /* StoreKit.framework in Frameworks */ = {isa = PBXBuildFile; fileRef = DAE95AB5193012FA00109E75 /* StoreKit.framework */; };
		DAE95AB81930130900109E75 /* SystemConfiguration.framework in Frameworks */ = {isa = PBXBuildFile; fileRef = DAE95AB71930130900109E75 /* SystemConfiguration.framework */; };
		DAE95ABE193017F000109E75 /* CoreGraphics.framework in Frameworks */ = {isa = PBXBuildFile; fileRef = DAE95ABD193017F000109E75 /* CoreGraphics.framework */; };
		DAE95AC0193017F600109E75 /* CoreLocation.framework in Frameworks */ = {isa = PBXBuildFile; fileRef = DAE95ABF193017F600109E75 /* CoreLocation.framework */; };
		DAE95AC219301A6D00109E75 /* Parse.framework in Frameworks */ = {isa = PBXBuildFile; fileRef = DAE95AC119301A6D00109E75 /* Parse.framework */; };
		DAE95ACD1932725700109E75 /* PlaceMapViewViewController.m in Sources */ = {isa = PBXBuildFile; fileRef = DAE95ACC1932725700109E75 /* PlaceMapViewViewController.m */; };
		DAE95AD61932A29C00109E75 /* KefiNoBorder.png in Resources */ = {isa = PBXBuildFile; fileRef = DAE95AD41932A29C00109E75 /* KefiNoBorder.png */; };
		DAE95AD71932A29C00109E75 /* map.png in Resources */ = {isa = PBXBuildFile; fileRef = DAE95AD51932A29C00109E75 /* map.png */; };
		DAE95ADC193BD1D300109E75 /* question.png in Resources */ = {isa = PBXBuildFile; fileRef = DAE95ADB193BD1D300109E75 /* question.png */; };
		DAFB18351919E18E00B4A56F /* WindowsAzureMobileServices.framework in Frameworks */ = {isa = PBXBuildFile; fileRef = 0D4F49F818F09CBC00F901AE /* WindowsAzureMobileServices.framework */; };
/* End PBXBuildFile section */

/* Begin PBXContainerItemProxy section */
		0D727EC518F099F2008310FC /* PBXContainerItemProxy */ = {
			isa = PBXContainerItemProxy;
			containerPortal = 0D727E9718F099F1008310FC /* Project object */;
			proxyType = 1;
			remoteGlobalIDString = 0D727E9E18F099F1008310FC;
			remoteInfo = Kefi;
		};
/* End PBXContainerItemProxy section */

/* Begin PBXFileReference section */
		0D0C130F18F65DDD00C90A5F /* Hashtag.h */ = {isa = PBXFileReference; fileEncoding = 4; lastKnownFileType = sourcecode.c.h; path = Hashtag.h; sourceTree = "<group>"; };
		0D0C131018F65DDD00C90A5F /* Hashtag.m */ = {isa = PBXFileReference; fileEncoding = 4; lastKnownFileType = sourcecode.c.objc; path = Hashtag.m; sourceTree = "<group>"; };
		0D0C131218FB72B600C90A5F /* FavFilled.png */ = {isa = PBXFileReference; lastKnownFileType = image.png; path = FavFilled.png; sourceTree = "<group>"; };
		0D0C131318FB72B600C90A5F /* FavUnfilled.png */ = {isa = PBXFileReference; lastKnownFileType = image.png; path = FavUnfilled.png; sourceTree = "<group>"; };
		0D0C131618FB762600C90A5F /* KefItIcon.png */ = {isa = PBXFileReference; lastKnownFileType = image.png; path = KefItIcon.png; sourceTree = "<group>"; };
		0D0C131918FB824600C90A5F /* SubmitView.h */ = {isa = PBXFileReference; fileEncoding = 4; lastKnownFileType = sourcecode.c.h; path = SubmitView.h; sourceTree = "<group>"; };
		0D0C131A18FB824600C90A5F /* SubmitView.m */ = {isa = PBXFileReference; fileEncoding = 4; lastKnownFileType = sourcecode.c.objc; path = SubmitView.m; sourceTree = "<group>"; };
		0D4F49F818F09CBC00F901AE /* WindowsAzureMobileServices.framework */ = {isa = PBXFileReference; lastKnownFileType = wrapper.framework; path = WindowsAzureMobileServices.framework; sourceTree = "<group>"; };
		0D4F49FA18F0ACA000F901AE /* PlaceListView.h */ = {isa = PBXFileReference; fileEncoding = 4; lastKnownFileType = sourcecode.c.h; path = PlaceListView.h; sourceTree = "<group>"; };
		0D4F49FB18F0ACA000F901AE /* PlaceListView.m */ = {isa = PBXFileReference; fileEncoding = 4; lastKnownFileType = sourcecode.c.objc; path = PlaceListView.m; sourceTree = "<group>"; };
		0D4F49FE18F0AD8100F901AE /* PlaceList.h */ = {isa = PBXFileReference; fileEncoding = 4; lastKnownFileType = sourcecode.c.h; path = PlaceList.h; sourceTree = "<group>"; };
		0D4F49FF18F0AD8100F901AE /* PlaceList.m */ = {isa = PBXFileReference; fileEncoding = 4; lastKnownFileType = sourcecode.c.objc; path = PlaceList.m; sourceTree = "<group>"; };
		0D4F4A0118F0ADF700F901AE /* Place.h */ = {isa = PBXFileReference; fileEncoding = 4; lastKnownFileType = sourcecode.c.h; path = Place.h; sourceTree = "<group>"; };
		0D4F4A0218F0ADF700F901AE /* Place.m */ = {isa = PBXFileReference; fileEncoding = 4; lastKnownFileType = sourcecode.c.objc; path = Place.m; sourceTree = "<group>"; };
		0D4F4A0718F0B66A00F901AE /* PlaceCell.h */ = {isa = PBXFileReference; fileEncoding = 4; lastKnownFileType = sourcecode.c.h; path = PlaceCell.h; sourceTree = "<group>"; };
		0D4F4A0818F0B66A00F901AE /* PlaceCell.m */ = {isa = PBXFileReference; fileEncoding = 4; lastKnownFileType = sourcecode.c.objc; path = PlaceCell.m; sourceTree = "<group>"; };
		0D4F4A0C18F0B78100F901AE /* bar_64.png */ = {isa = PBXFileReference; lastKnownFileType = image.png; path = bar_64.png; sourceTree = "<group>"; };
		0D4FDB2A19416F9200B0F28F /* LeftAlignFlowLayout.h */ = {isa = PBXFileReference; fileEncoding = 4; lastKnownFileType = sourcecode.c.h; path = LeftAlignFlowLayout.h; sourceTree = "<group>"; };
		0D4FDB2B19416F9300B0F28F /* LeftAlignFlowLayout.m */ = {isa = PBXFileReference; fileEncoding = 4; lastKnownFileType = sourcecode.c.objc; path = LeftAlignFlowLayout.m; sourceTree = "<group>"; };
		0D727E9F18F099F1008310FC /* Kefi.app */ = {isa = PBXFileReference; explicitFileType = wrapper.application; includeInIndex = 0; path = Kefi.app; sourceTree = BUILT_PRODUCTS_DIR; };
		0D727EA218F099F1008310FC /* Foundation.framework */ = {isa = PBXFileReference; lastKnownFileType = wrapper.framework; name = Foundation.framework; path = System/Library/Frameworks/Foundation.framework; sourceTree = SDKROOT; };
		0D727EA618F099F1008310FC /* UIKit.framework */ = {isa = PBXFileReference; lastKnownFileType = wrapper.framework; name = UIKit.framework; path = System/Library/Frameworks/UIKit.framework; sourceTree = SDKROOT; };
		0D727EAA18F099F1008310FC /* Kefi-Info.plist */ = {isa = PBXFileReference; lastKnownFileType = text.plist.xml; path = "Kefi-Info.plist"; sourceTree = "<group>"; };
		0D727EAC18F099F1008310FC /* en */ = {isa = PBXFileReference; lastKnownFileType = text.plist.strings; name = en; path = en.lproj/InfoPlist.strings; sourceTree = "<group>"; };
		0D727EAE18F099F1008310FC /* main.m */ = {isa = PBXFileReference; lastKnownFileType = sourcecode.c.objc; path = main.m; sourceTree = "<group>"; };
		0D727EB018F099F1008310FC /* Kefi-Prefix.pch */ = {isa = PBXFileReference; lastKnownFileType = sourcecode.c.h; path = "Kefi-Prefix.pch"; sourceTree = "<group>"; };
		0D727EB118F099F1008310FC /* AppDelegate.h */ = {isa = PBXFileReference; lastKnownFileType = sourcecode.c.h; path = AppDelegate.h; sourceTree = "<group>"; };
		0D727EB218F099F1008310FC /* AppDelegate.m */ = {isa = PBXFileReference; lastKnownFileType = sourcecode.c.objc; path = AppDelegate.m; sourceTree = "<group>"; };
		0D727EB518F099F1008310FC /* Base */ = {isa = PBXFileReference; lastKnownFileType = file.storyboard; name = Base; path = Base.lproj/Main.storyboard; sourceTree = "<group>"; };
		0D727EBA18F099F1008310FC /* Images.xcassets */ = {isa = PBXFileReference; lastKnownFileType = folder.assetcatalog; path = Images.xcassets; sourceTree = "<group>"; };
		0D727EC018F099F2008310FC /* KefiTests.xctest */ = {isa = PBXFileReference; explicitFileType = wrapper.cfbundle; includeInIndex = 0; path = KefiTests.xctest; sourceTree = BUILT_PRODUCTS_DIR; };
		0D727EC118F099F2008310FC /* XCTest.framework */ = {isa = PBXFileReference; lastKnownFileType = wrapper.framework; name = XCTest.framework; path = Library/Frameworks/XCTest.framework; sourceTree = DEVELOPER_DIR; };
		0D727EC918F099F2008310FC /* KefiTests-Info.plist */ = {isa = PBXFileReference; lastKnownFileType = text.plist.xml; path = "KefiTests-Info.plist"; sourceTree = "<group>"; };
		0D727ECB18F099F2008310FC /* en */ = {isa = PBXFileReference; lastKnownFileType = text.plist.strings; name = en; path = en.lproj/InfoPlist.strings; sourceTree = "<group>"; };
		0D727ECD18F099F2008310FC /* KefiTests.m */ = {isa = PBXFileReference; lastKnownFileType = sourcecode.c.objc; path = KefiTests.m; sourceTree = "<group>"; };
		0D81466218F0E3660072702B /* KefiService.h */ = {isa = PBXFileReference; fileEncoding = 4; lastKnownFileType = sourcecode.c.h; path = KefiService.h; sourceTree = "<group>"; };
		0D81466318F0E3660072702B /* KefiService.m */ = {isa = PBXFileReference; fileEncoding = 4; lastKnownFileType = sourcecode.c.objc; path = KefiService.m; sourceTree = "<group>"; };
		0D81466518F10DD90072702B /* PlaceDetailView.h */ = {isa = PBXFileReference; fileEncoding = 4; lastKnownFileType = sourcecode.c.h; path = PlaceDetailView.h; sourceTree = "<group>"; };
		0D81466618F10DD90072702B /* PlaceDetailView.m */ = {isa = PBXFileReference; fileEncoding = 4; lastKnownFileType = sourcecode.c.objc; path = PlaceDetailView.m; sourceTree = "<group>"; };
		0D81466B18F1259F0072702B /* SearchView.h */ = {isa = PBXFileReference; fileEncoding = 4; lastKnownFileType = sourcecode.c.h; path = SearchView.h; sourceTree = "<group>"; };
		0D81466C18F1259F0072702B /* SearchView.m */ = {isa = PBXFileReference; fileEncoding = 4; lastKnownFileType = sourcecode.c.objc; path = SearchView.m; sourceTree = "<group>"; };
		0DB0B4361921D8DF008D5624 /* SubmitReviewDetailView.h */ = {isa = PBXFileReference; fileEncoding = 4; lastKnownFileType = sourcecode.c.h; path = SubmitReviewDetailView.h; sourceTree = "<group>"; };
		0DB0B4371921D8DF008D5624 /* SubmitReviewDetailView.m */ = {isa = PBXFileReference; fileEncoding = 4; lastKnownFileType = sourcecode.c.objc; path = SubmitReviewDetailView.m; sourceTree = "<group>"; };
		DA089B31192016120055FD31 /* smallCircleFull.png */ = {isa = PBXFileReference; lastKnownFileType = image.png; path = smallCircleFull.png; sourceTree = "<group>"; };
		DA089B32192016120055FD31 /* smallCircle.png */ = {isa = PBXFileReference; lastKnownFileType = image.png; path = smallCircle.png; sourceTree = "<group>"; };
		DA089B33192016120055FD31 /* fullCircle.png */ = {isa = PBXFileReference; lastKnownFileType = image.png; path = fullCircle.png; sourceTree = "<group>"; };
		DA089B34192016120055FD31 /* semiHappy.png */ = {isa = PBXFileReference; lastKnownFileType = image.png; path = semiHappy.png; sourceTree = "<group>"; };
		DA089B35192016120055FD31 /* soHappy.png */ = {isa = PBXFileReference; lastKnownFileType = image.png; path = soHappy.png; sourceTree = "<group>"; };
		DA089B36192016120055FD31 /* eh.png */ = {isa = PBXFileReference; lastKnownFileType = image.png; path = eh.png; sourceTree = "<group>"; };
		DA089B37192016120055FD31 /* soPissed.png */ = {isa = PBXFileReference; lastKnownFileType = image.png; path = soPissed.png; sourceTree = "<group>"; };
		DA089B3F19235C210055FD31 /* Review.h */ = {isa = PBXFileReference; fileEncoding = 4; lastKnownFileType = sourcecode.c.h; path = Review.h; sourceTree = "<group>"; };
		DA089B4019235C210055FD31 /* Review.m */ = {isa = PBXFileReference; fileEncoding = 4; lastKnownFileType = sourcecode.c.objc; path = Review.m; sourceTree = "<group>"; };
		DA089B891925CFF80055FD31 /* HashtagCollectionCell.h */ = {isa = PBXFileReference; fileEncoding = 4; lastKnownFileType = sourcecode.c.h; path = HashtagCollectionCell.h; sourceTree = "<group>"; };
		DA089B8A1925CFF80055FD31 /* HashtagCollectionCell.m */ = {isa = PBXFileReference; fileEncoding = 4; lastKnownFileType = sourcecode.c.objc; path = HashtagCollectionCell.m; sourceTree = "<group>"; };
		DA2AB1311946E3EE0010BE81 /* FacebookSDK.framework */ = {isa = PBXFileReference; lastKnownFileType = wrapper.framework; path = FacebookSDK.framework; sourceTree = "<group>"; };
		DA9EB650191EDF4F00C375B3 /* MapKit.framework */ = {isa = PBXFileReference; lastKnownFileType = wrapper.framework; name = MapKit.framework; path = System/Library/Frameworks/MapKit.framework; sourceTree = SDKROOT; };
		DAE95AA9193012B300109E75 /* AudioToolbox.framework */ = {isa = PBXFileReference; lastKnownFileType = wrapper.framework; name = AudioToolbox.framework; path = System/Library/Frameworks/AudioToolbox.framework; sourceTree = SDKROOT; };
		DAE95AAB193012BC00109E75 /* CFNetwork.framework */ = {isa = PBXFileReference; lastKnownFileType = wrapper.framework; name = CFNetwork.framework; path = System/Library/Frameworks/CFNetwork.framework; sourceTree = SDKROOT; };
		DAE95AAD193012D300109E75 /* libz.dylib */ = {isa = PBXFileReference; lastKnownFileType = "compiled.mach-o.dylib"; name = libz.dylib; path = usr/lib/libz.dylib; sourceTree = SDKROOT; };
		DAE95AAF193012DF00109E75 /* MobileCoreServices.framework */ = {isa = PBXFileReference; lastKnownFileType = wrapper.framework; name = MobileCoreServices.framework; path = System/Library/Frameworks/MobileCoreServices.framework; sourceTree = SDKROOT; };
		DAE95AB1193012E800109E75 /* QuartzCore.framework */ = {isa = PBXFileReference; lastKnownFileType = wrapper.framework; name = QuartzCore.framework; path = System/Library/Frameworks/QuartzCore.framework; sourceTree = SDKROOT; };
		DAE95AB3193012F000109E75 /* Security.framework */ = {isa = PBXFileReference; lastKnownFileType = wrapper.framework; name = Security.framework; path = System/Library/Frameworks/Security.framework; sourceTree = SDKROOT; };
		DAE95AB5193012FA00109E75 /* StoreKit.framework */ = {isa = PBXFileReference; lastKnownFileType = wrapper.framework; name = StoreKit.framework; path = System/Library/Frameworks/StoreKit.framework; sourceTree = SDKROOT; };
		DAE95AB71930130900109E75 /* SystemConfiguration.framework */ = {isa = PBXFileReference; lastKnownFileType = wrapper.framework; name = SystemConfiguration.framework; path = System/Library/Frameworks/SystemConfiguration.framework; sourceTree = SDKROOT; };
		DAE95ABD193017F000109E75 /* CoreGraphics.framework */ = {isa = PBXFileReference; lastKnownFileType = wrapper.framework; name = CoreGraphics.framework; path = System/Library/Frameworks/CoreGraphics.framework; sourceTree = SDKROOT; };
		DAE95ABF193017F600109E75 /* CoreLocation.framework */ = {isa = PBXFileReference; lastKnownFileType = wrapper.framework; name = CoreLocation.framework; path = System/Library/Frameworks/CoreLocation.framework; sourceTree = SDKROOT; };
		DAE95AC119301A6D00109E75 /* Parse.framework */ = {isa = PBXFileReference; lastKnownFileType = wrapper.framework; path = Parse.framework; sourceTree = "<group>"; };
		DAE95ACB1932725700109E75 /* PlaceMapViewViewController.h */ = {isa = PBXFileReference; fileEncoding = 4; lastKnownFileType = sourcecode.c.h; name = PlaceMapViewViewController.h; path = ../PlaceMapViewViewController.h; sourceTree = "<group>"; };
		DAE95ACC1932725700109E75 /* PlaceMapViewViewController.m */ = {isa = PBXFileReference; fileEncoding = 4; lastKnownFileType = sourcecode.c.objc; name = PlaceMapViewViewController.m; path = ../PlaceMapViewViewController.m; sourceTree = "<group>"; };
		DAE95AD41932A29C00109E75 /* KefiNoBorder.png */ = {isa = PBXFileReference; lastKnownFileType = image.png; path = KefiNoBorder.png; sourceTree = "<group>"; };
		DAE95AD51932A29C00109E75 /* map.png */ = {isa = PBXFileReference; lastKnownFileType = image.png; path = map.png; sourceTree = "<group>"; };
		DAE95ADB193BD1D300109E75 /* question.png */ = {isa = PBXFileReference; lastKnownFileType = image.png; path = question.png; sourceTree = "<group>"; };
/* End PBXFileReference section */

/* Begin PBXFrameworksBuildPhase section */
		0D727E9C18F099F1008310FC /* Frameworks */ = {
			isa = PBXFrameworksBuildPhase;
			buildActionMask = 2147483647;
			files = (
				DA2AB1331946E4920010BE81 /* FacebookSDK.framework in Frameworks */,
				DAE95AC0193017F600109E75 /* CoreLocation.framework in Frameworks */,
				DAE95ABE193017F000109E75 /* CoreGraphics.framework in Frameworks */,
				DAE95AB81930130900109E75 /* SystemConfiguration.framework in Frameworks */,
				DAE95AB6193012FA00109E75 /* StoreKit.framework in Frameworks */,
				DAE95AC219301A6D00109E75 /* Parse.framework in Frameworks */,
				DAE95AB4193012F000109E75 /* Security.framework in Frameworks */,
				DAE95AB2193012E800109E75 /* QuartzCore.framework in Frameworks */,
				DAE95AB0193012DF00109E75 /* MobileCoreServices.framework in Frameworks */,
				DAE95AAE193012D300109E75 /* libz.dylib in Frameworks */,
				DAE95AAC193012BC00109E75 /* CFNetwork.framework in Frameworks */,
				DAE95AAA193012B300109E75 /* AudioToolbox.framework in Frameworks */,
				DA9EB651191EDF4F00C375B3 /* MapKit.framework in Frameworks */,
				DAFB18351919E18E00B4A56F /* WindowsAzureMobileServices.framework in Frameworks */,
				0D727EA718F099F1008310FC /* UIKit.framework in Frameworks */,
				0D727EA318F099F1008310FC /* Foundation.framework in Frameworks */,
			);
			runOnlyForDeploymentPostprocessing = 0;
		};
		0D727EBD18F099F2008310FC /* Frameworks */ = {
			isa = PBXFrameworksBuildPhase;
			buildActionMask = 2147483647;
			files = (
				0D727EC218F099F2008310FC /* XCTest.framework in Frameworks */,
				0D727EC418F099F2008310FC /* UIKit.framework in Frameworks */,
				0D727EC318F099F2008310FC /* Foundation.framework in Frameworks */,
			);
			runOnlyForDeploymentPostprocessing = 0;
		};
/* End PBXFrameworksBuildPhase section */

/* Begin PBXGroup section */
		0D0C131818FB7F9000C90A5F /* Images */ = {
			isa = PBXGroup;
			children = (
				DAE95ADB193BD1D300109E75 /* question.png */,
				DAE95AD41932A29C00109E75 /* KefiNoBorder.png */,
				DAE95AD51932A29C00109E75 /* map.png */,
				DA089B31192016120055FD31 /* smallCircleFull.png */,
				DA089B32192016120055FD31 /* smallCircle.png */,
				DA089B33192016120055FD31 /* fullCircle.png */,
				DA089B34192016120055FD31 /* semiHappy.png */,
				DA089B35192016120055FD31 /* soHappy.png */,
				DA089B36192016120055FD31 /* eh.png */,
				DA089B37192016120055FD31 /* soPissed.png */,
				0D0C131618FB762600C90A5F /* KefItIcon.png */,
				0D0C131218FB72B600C90A5F /* FavFilled.png */,
				0D0C131318FB72B600C90A5F /* FavUnfilled.png */,
				0D4F4A0C18F0B78100F901AE /* bar_64.png */,
			);
			name = Images;
			sourceTree = "<group>";
		};
		0D4F49FD18F0AD5600F901AE /* Models */ = {
			isa = PBXGroup;
			children = (
				DA089B3F19235C210055FD31 /* Review.h */,
				DA089B4019235C210055FD31 /* Review.m */,
				0D4F49FE18F0AD8100F901AE /* PlaceList.h */,
				0D4F49FF18F0AD8100F901AE /* PlaceList.m */,
				0D4F4A0118F0ADF700F901AE /* Place.h */,
				0D4F4A0218F0ADF700F901AE /* Place.m */,
				0D0C130F18F65DDD00C90A5F /* Hashtag.h */,
				0D0C131018F65DDD00C90A5F /* Hashtag.m */,
			);
			name = Models;
			sourceTree = "<group>";
		};
		0D4FDB2D194170D200B0F28F /* Collection View Helpers */ = {
			isa = PBXGroup;
			children = (
				0D4FDB2A19416F9200B0F28F /* LeftAlignFlowLayout.h */,
				0D4FDB2B19416F9300B0F28F /* LeftAlignFlowLayout.m */,
				DA089B891925CFF80055FD31 /* HashtagCollectionCell.h */,
				DA089B8A1925CFF80055FD31 /* HashtagCollectionCell.m */,
			);
			name = "Collection View Helpers";
			sourceTree = "<group>";
		};
		0D727E9618F099F1008310FC = {
			isa = PBXGroup;
			children = (
				0D727EA818F099F1008310FC /* Kefi */,
				0D727EC718F099F2008310FC /* KefiTests */,
				0D727EA118F099F1008310FC /* Frameworks */,
				0D727EA018F099F1008310FC /* Products */,
			);
			sourceTree = "<group>";
		};
		0D727EA018F099F1008310FC /* Products */ = {
			isa = PBXGroup;
			children = (
				0D727E9F18F099F1008310FC /* Kefi.app */,
				0D727EC018F099F2008310FC /* KefiTests.xctest */,
			);
			name = Products;
			sourceTree = "<group>";
		};
		0D727EA118F099F1008310FC /* Frameworks */ = {
			isa = PBXGroup;
			children = (
				DA2AB1311946E3EE0010BE81 /* FacebookSDK.framework */,
				DAE95AC119301A6D00109E75 /* Parse.framework */,
				DAE95ABF193017F600109E75 /* CoreLocation.framework */,
				DAE95ABD193017F000109E75 /* CoreGraphics.framework */,
				DAE95AB71930130900109E75 /* SystemConfiguration.framework */,
				DAE95AB5193012FA00109E75 /* StoreKit.framework */,
				DAE95AB3193012F000109E75 /* Security.framework */,
				DAE95AB1193012E800109E75 /* QuartzCore.framework */,
				DAE95AAF193012DF00109E75 /* MobileCoreServices.framework */,
				DAE95AAD193012D300109E75 /* libz.dylib */,
				DAE95AAB193012BC00109E75 /* CFNetwork.framework */,
				DAE95AA9193012B300109E75 /* AudioToolbox.framework */,
				DA9EB650191EDF4F00C375B3 /* MapKit.framework */,
				0D4F49F818F09CBC00F901AE /* WindowsAzureMobileServices.framework */,
				0D727EA218F099F1008310FC /* Foundation.framework */,
				0D727EA618F099F1008310FC /* UIKit.framework */,
				0D727EC118F099F2008310FC /* XCTest.framework */,
			);
			name = Frameworks;
			sourceTree = "<group>";
		};
		0D727EA818F099F1008310FC /* Kefi */ = {
			isa = PBXGroup;
			children = (
				0D727EB418F099F1008310FC /* Main.storyboard */,
				0DABAFEF192860C20018CED9 /* Home View */,
				0DABAFF0192861520018CED9 /* Place Detail View */,
				0DABAFEE192860950018CED9 /* Review Submission */,
				0DABAFF11928616A0018CED9 /* Search View */,
				0D4FDB2D194170D200B0F28F /* Collection View Helpers */,
				0D4F49FD18F0AD5600F901AE /* Models */,
				0D81466118F0E1040072702B /* Service */,
				0D0C131818FB7F9000C90A5F /* Images */,
				0D727EA918F099F1008310FC /* Supporting Files */,
			);
			path = Kefi;
			sourceTree = "<group>";
		};
		0D727EA918F099F1008310FC /* Supporting Files */ = {
			isa = PBXGroup;
			children = (
				0D727EBA18F099F1008310FC /* Images.xcassets */,
				0D727EB118F099F1008310FC /* AppDelegate.h */,
				0D727EB218F099F1008310FC /* AppDelegate.m */,
				0D727EAA18F099F1008310FC /* Kefi-Info.plist */,
				0D727EAB18F099F1008310FC /* InfoPlist.strings */,
				0D727EAE18F099F1008310FC /* main.m */,
				0D727EB018F099F1008310FC /* Kefi-Prefix.pch */,
			);
			name = "Supporting Files";
			sourceTree = "<group>";
		};
		0D727EC718F099F2008310FC /* KefiTests */ = {
			isa = PBXGroup;
			children = (
				0D727ECD18F099F2008310FC /* KefiTests.m */,
				0D727EC818F099F2008310FC /* Supporting Files */,
			);
			path = KefiTests;
			sourceTree = "<group>";
		};
		0D727EC818F099F2008310FC /* Supporting Files */ = {
			isa = PBXGroup;
			children = (
				0D727EC918F099F2008310FC /* KefiTests-Info.plist */,
				0D727ECA18F099F2008310FC /* InfoPlist.strings */,
			);
			name = "Supporting Files";
			sourceTree = "<group>";
		};
		0D81466118F0E1040072702B /* Service */ = {
			isa = PBXGroup;
			children = (
				0D81466218F0E3660072702B /* KefiService.h */,
				0D81466318F0E3660072702B /* KefiService.m */,
			);
			name = Service;
			sourceTree = "<group>";
		};
		0DABAFEE192860950018CED9 /* Review Submission */ = {
			isa = PBXGroup;
			children = (
				0DABAFF21928619C0018CED9 /* Overview View */,
				0DABAFF3192861C00018CED9 /* Review Detail View */,
			);
			name = "Review Submission";
			sourceTree = "<group>";
		};
		0DABAFEF192860C20018CED9 /* Home View */ = {
			isa = PBXGroup;
			children = (
				0D4F49FA18F0ACA000F901AE /* PlaceListView.h */,
				0D4F49FB18F0ACA000F901AE /* PlaceListView.m */,
				0D4F4A0718F0B66A00F901AE /* PlaceCell.h */,
				0D4F4A0818F0B66A00F901AE /* PlaceCell.m */,
			);
			name = "Home View";
			sourceTree = "<group>";
		};
		0DABAFF0192861520018CED9 /* Place Detail View */ = {
			isa = PBXGroup;
			children = (
				0D81466518F10DD90072702B /* PlaceDetailView.h */,
				0D81466618F10DD90072702B /* PlaceDetailView.m */,
				DAE95ACB1932725700109E75 /* PlaceMapViewViewController.h */,
				DAE95ACC1932725700109E75 /* PlaceMapViewViewController.m */,
			);
			name = "Place Detail View";
			sourceTree = "<group>";
		};
		0DABAFF11928616A0018CED9 /* Search View */ = {
			isa = PBXGroup;
			children = (
				0D81466B18F1259F0072702B /* SearchView.h */,
				0D81466C18F1259F0072702B /* SearchView.m */,
			);
			name = "Search View";
			sourceTree = "<group>";
		};
		0DABAFF21928619C0018CED9 /* Overview View */ = {
			isa = PBXGroup;
			children = (
				0D0C131918FB824600C90A5F /* SubmitView.h */,
				0D0C131A18FB824600C90A5F /* SubmitView.m */,
			);
			name = "Overview View";
			sourceTree = "<group>";
		};
		0DABAFF3192861C00018CED9 /* Review Detail View */ = {
			isa = PBXGroup;
			children = (
				0DB0B4361921D8DF008D5624 /* SubmitReviewDetailView.h */,
				0DB0B4371921D8DF008D5624 /* SubmitReviewDetailView.m */,
			);
			name = "Review Detail View";
			sourceTree = "<group>";
		};
/* End PBXGroup section */

/* Begin PBXNativeTarget section */
		0D727E9E18F099F1008310FC /* Kefi */ = {
			isa = PBXNativeTarget;
			buildConfigurationList = 0D727ED118F099F2008310FC /* Build configuration list for PBXNativeTarget "Kefi" */;
			buildPhases = (
				0D727E9B18F099F1008310FC /* Sources */,
				0D727E9C18F099F1008310FC /* Frameworks */,
				0D727E9D18F099F1008310FC /* Resources */,
			);
			buildRules = (
			);
			dependencies = (
			);
			name = Kefi;
			productName = Kefi;
			productReference = 0D727E9F18F099F1008310FC /* Kefi.app */;
			productType = "com.apple.product-type.application";
		};
		0D727EBF18F099F2008310FC /* KefiTests */ = {
			isa = PBXNativeTarget;
			buildConfigurationList = 0D727ED418F099F2008310FC /* Build configuration list for PBXNativeTarget "KefiTests" */;
			buildPhases = (
				0D727EBC18F099F2008310FC /* Sources */,
				0D727EBD18F099F2008310FC /* Frameworks */,
				0D727EBE18F099F2008310FC /* Resources */,
			);
			buildRules = (
			);
			dependencies = (
				0D727EC618F099F2008310FC /* PBXTargetDependency */,
			);
			name = KefiTests;
			productName = KefiTests;
			productReference = 0D727EC018F099F2008310FC /* KefiTests.xctest */;
			productType = "com.apple.product-type.bundle.unit-test";
		};
/* End PBXNativeTarget section */

/* Begin PBXProject section */
		0D727E9718F099F1008310FC /* Project object */ = {
			isa = PBXProject;
			attributes = {
				LastUpgradeCheck = 0510;
				ORGANIZATIONNAME = Kefi;
				TargetAttributes = {
					0D727EBF18F099F2008310FC = {
						TestTargetID = 0D727E9E18F099F1008310FC;
					};
				};
			};
			buildConfigurationList = 0D727E9A18F099F1008310FC /* Build configuration list for PBXProject "Kefi" */;
			compatibilityVersion = "Xcode 3.2";
			developmentRegion = English;
			hasScannedForEncodings = 0;
			knownRegions = (
				en,
				Base,
			);
			mainGroup = 0D727E9618F099F1008310FC;
			productRefGroup = 0D727EA018F099F1008310FC /* Products */;
			projectDirPath = "";
			projectRoot = "";
			targets = (
				0D727E9E18F099F1008310FC /* Kefi */,
				0D727EBF18F099F2008310FC /* KefiTests */,
			);
		};
/* End PBXProject section */

/* Begin PBXResourcesBuildPhase section */
		0D727E9D18F099F1008310FC /* Resources */ = {
			isa = PBXResourcesBuildPhase;
			buildActionMask = 2147483647;
			files = (
				DA089B3D192016120055FD31 /* eh.png in Resources */,
				DA089B3E192016120055FD31 /* soPissed.png in Resources */,
				0D727EBB18F099F1008310FC /* Images.xcassets in Resources */,
				DAE95AD61932A29C00109E75 /* KefiNoBorder.png in Resources */,
				0D0C131418FB72B600C90A5F /* FavFilled.png in Resources */,
				DA089B3C192016120055FD31 /* soHappy.png in Resources */,
				DA089B3B192016120055FD31 /* semiHappy.png in Resources */,
				DA089B3A192016120055FD31 /* fullCircle.png in Resources */,
				DAE95AD71932A29C00109E75 /* map.png in Resources */,
				DAE95ADC193BD1D300109E75 /* question.png in Resources */,
				0D0C131518FB72B600C90A5F /* FavUnfilled.png in Resources */,
				DA089B39192016120055FD31 /* smallCircle.png in Resources */,
				0D727EAD18F099F1008310FC /* InfoPlist.strings in Resources */,
				DA089B38192016120055FD31 /* smallCircleFull.png in Resources */,
				0D0C131718FB762600C90A5F /* KefItIcon.png in Resources */,
				0D727EB618F099F1008310FC /* Main.storyboard in Resources */,
				0D4F4A0D18F0B78100F901AE /* bar_64.png in Resources */,
			);
			runOnlyForDeploymentPostprocessing = 0;
		};
		0D727EBE18F099F2008310FC /* Resources */ = {
			isa = PBXResourcesBuildPhase;
			buildActionMask = 2147483647;
			files = (
				0D727ECC18F099F2008310FC /* InfoPlist.strings in Resources */,
			);
			runOnlyForDeploymentPostprocessing = 0;
		};
/* End PBXResourcesBuildPhase section */

/* Begin PBXSourcesBuildPhase section */
		0D727E9B18F099F1008310FC /* Sources */ = {
			isa = PBXSourcesBuildPhase;
			buildActionMask = 2147483647;
			files = (
				0D0C131118F65DDD00C90A5F /* Hashtag.m in Sources */,
				0D81466D18F1259F0072702B /* SearchView.m in Sources */,
				0D81466418F0E3670072702B /* KefiService.m in Sources */,
				0DB0B4381921D8DF008D5624 /* SubmitReviewDetailView.m in Sources */,
				0D4F4A0918F0B66A00F901AE /* PlaceCell.m in Sources */,
				0D4F4A0018F0AD8100F901AE /* PlaceList.m in Sources */,
				DA089B4119235C210055FD31 /* Review.m in Sources */,
				0D727EB318F099F1008310FC /* AppDelegate.m in Sources */,
				DA089B8B1925CFF80055FD31 /* HashtagCollectionCell.m in Sources */,
				DAE95ACD1932725700109E75 /* PlaceMapViewViewController.m in Sources */,
				0D4F4A0318F0ADF700F901AE /* Place.m in Sources */,
				0D4F49FC18F0ACA000F901AE /* PlaceListView.m in Sources */,
				0D4FDB2C19416F9300B0F28F /* LeftAlignFlowLayout.m in Sources */,
				0D727EAF18F099F1008310FC /* main.m in Sources */,
				0D0C131B18FB824600C90A5F /* SubmitView.m in Sources */,
				0D81466718F10DD90072702B /* PlaceDetailView.m in Sources */,
			);
			runOnlyForDeploymentPostprocessing = 0;
		};
		0D727EBC18F099F2008310FC /* Sources */ = {
			isa = PBXSourcesBuildPhase;
			buildActionMask = 2147483647;
			files = (
				0D727ECE18F099F2008310FC /* KefiTests.m in Sources */,
			);
			runOnlyForDeploymentPostprocessing = 0;
		};
/* End PBXSourcesBuildPhase section */

/* Begin PBXTargetDependency section */
		0D727EC618F099F2008310FC /* PBXTargetDependency */ = {
			isa = PBXTargetDependency;
			target = 0D727E9E18F099F1008310FC /* Kefi */;
			targetProxy = 0D727EC518F099F2008310FC /* PBXContainerItemProxy */;
		};
/* End PBXTargetDependency section */

/* Begin PBXVariantGroup section */
		0D727EAB18F099F1008310FC /* InfoPlist.strings */ = {
			isa = PBXVariantGroup;
			children = (
				0D727EAC18F099F1008310FC /* en */,
			);
			name = InfoPlist.strings;
			sourceTree = "<group>";
		};
		0D727EB418F099F1008310FC /* Main.storyboard */ = {
			isa = PBXVariantGroup;
			children = (
				0D727EB518F099F1008310FC /* Base */,
			);
			name = Main.storyboard;
			sourceTree = "<group>";
		};
		0D727ECA18F099F2008310FC /* InfoPlist.strings */ = {
			isa = PBXVariantGroup;
			children = (
				0D727ECB18F099F2008310FC /* en */,
			);
			name = InfoPlist.strings;
			sourceTree = "<group>";
		};
/* End PBXVariantGroup section */

/* Begin XCBuildConfiguration section */
		0D727ECF18F099F2008310FC /* Debug */ = {
			isa = XCBuildConfiguration;
			buildSettings = {
				ALWAYS_SEARCH_USER_PATHS = NO;
				CLANG_CXX_LANGUAGE_STANDARD = "gnu++0x";
				CLANG_CXX_LIBRARY = "libc++";
				CLANG_ENABLE_MODULES = YES;
				CLANG_ENABLE_OBJC_ARC = YES;
				CLANG_WARN_BOOL_CONVERSION = YES;
				CLANG_WARN_CONSTANT_CONVERSION = YES;
				CLANG_WARN_DIRECT_OBJC_ISA_USAGE = YES_ERROR;
				CLANG_WARN_EMPTY_BODY = YES;
				CLANG_WARN_ENUM_CONVERSION = YES;
				CLANG_WARN_INT_CONVERSION = YES;
				CLANG_WARN_OBJC_ROOT_CLASS = YES_ERROR;
				CLANG_WARN__DUPLICATE_METHOD_MATCH = YES;
				"CODE_SIGN_IDENTITY[sdk=iphoneos*]" = "iPhone Developer";
				COPY_PHASE_STRIP = NO;
				GCC_C_LANGUAGE_STANDARD = gnu99;
				GCC_DYNAMIC_NO_PIC = NO;
				GCC_OPTIMIZATION_LEVEL = 0;
				GCC_PREPROCESSOR_DEFINITIONS = (
					"DEBUG=1",
					"$(inherited)",
				);
				GCC_SYMBOLS_PRIVATE_EXTERN = NO;
				GCC_WARN_64_TO_32_BIT_CONVERSION = YES;
				GCC_WARN_ABOUT_RETURN_TYPE = YES_ERROR;
				GCC_WARN_UNDECLARED_SELECTOR = YES;
				GCC_WARN_UNINITIALIZED_AUTOS = YES;
				GCC_WARN_UNUSED_FUNCTION = YES;
				GCC_WARN_UNUSED_VARIABLE = YES;
				IPHONEOS_DEPLOYMENT_TARGET = 7.0;
				ONLY_ACTIVE_ARCH = YES;
				SDKROOT = iphoneos;
			};
			name = Debug;
		};
		0D727ED018F099F2008310FC /* Release */ = {
			isa = XCBuildConfiguration;
			buildSettings = {
				ALWAYS_SEARCH_USER_PATHS = NO;
				CLANG_CXX_LANGUAGE_STANDARD = "gnu++0x";
				CLANG_CXX_LIBRARY = "libc++";
				CLANG_ENABLE_MODULES = YES;
				CLANG_ENABLE_OBJC_ARC = YES;
				CLANG_WARN_BOOL_CONVERSION = YES;
				CLANG_WARN_CONSTANT_CONVERSION = YES;
				CLANG_WARN_DIRECT_OBJC_ISA_USAGE = YES_ERROR;
				CLANG_WARN_EMPTY_BODY = YES;
				CLANG_WARN_ENUM_CONVERSION = YES;
				CLANG_WARN_INT_CONVERSION = YES;
				CLANG_WARN_OBJC_ROOT_CLASS = YES_ERROR;
				CLANG_WARN__DUPLICATE_METHOD_MATCH = YES;
				"CODE_SIGN_IDENTITY[sdk=iphoneos*]" = "iPhone Developer";
				COPY_PHASE_STRIP = YES;
				ENABLE_NS_ASSERTIONS = NO;
				GCC_C_LANGUAGE_STANDARD = gnu99;
				GCC_WARN_64_TO_32_BIT_CONVERSION = YES;
				GCC_WARN_ABOUT_RETURN_TYPE = YES_ERROR;
				GCC_WARN_UNDECLARED_SELECTOR = YES;
				GCC_WARN_UNINITIALIZED_AUTOS = YES;
				GCC_WARN_UNUSED_FUNCTION = YES;
				GCC_WARN_UNUSED_VARIABLE = YES;
				IPHONEOS_DEPLOYMENT_TARGET = 7.0;
				SDKROOT = iphoneos;
				VALIDATE_PRODUCT = YES;
			};
			name = Release;
		};
		0D727ED218F099F2008310FC /* Debug */ = {
			isa = XCBuildConfiguration;
			buildSettings = {
				ASSETCATALOG_COMPILER_APPICON_NAME = AppIcon;
				ASSETCATALOG_COMPILER_LAUNCHIMAGE_NAME = LaunchImage;
				FRAMEWORK_SEARCH_PATHS = (
					"$(inherited)",
					/Users/goshri/Documents/Xcode/Kefi/iOS,
					/Users/pStav/Desktop/Paul/github/Kefi/iOS,
					"$(PROJECT_DIR)",
					/Users/paulstavropoulos/Downloads,
				);
				GCC_PRECOMPILE_PREFIX_HEADER = YES;
				GCC_PREFIX_HEADER = "Kefi/Kefi-Prefix.pch";
				INFOPLIST_FILE = "Kefi/Kefi-Info.plist";
				LIBRARY_SEARCH_PATHS = (
					"$(inherited)",
					"$(PROJECT_DIR)/WindowsAzureMobileServices.framework",
				);
				PRODUCT_NAME = "$(TARGET_NAME)";
				WRAPPER_EXTENSION = app;
			};
			name = Debug;
		};
		0D727ED318F099F2008310FC /* Release */ = {
			isa = XCBuildConfiguration;
			buildSettings = {
				ASSETCATALOG_COMPILER_APPICON_NAME = AppIcon;
				ASSETCATALOG_COMPILER_LAUNCHIMAGE_NAME = LaunchImage;
				FRAMEWORK_SEARCH_PATHS = (
					"$(inherited)",
					/Users/goshri/Documents/Xcode/Kefi/iOS,
					/Users/pStav/Desktop/Paul/github/Kefi/iOS,
					"$(PROJECT_DIR)",
					/Users/paulstavropoulos/Downloads,
				);
				GCC_PRECOMPILE_PREFIX_HEADER = YES;
				GCC_PREFIX_HEADER = "Kefi/Kefi-Prefix.pch";
				INFOPLIST_FILE = "Kefi/Kefi-Info.plist";
				LIBRARY_SEARCH_PATHS = (
					"$(inherited)",
					"$(PROJECT_DIR)/WindowsAzureMobileServices.framework",
				);
				PRODUCT_NAME = "$(TARGET_NAME)";
				WRAPPER_EXTENSION = app;
			};
			name = Release;
		};
		0D727ED518F099F2008310FC /* Debug */ = {
			isa = XCBuildConfiguration;
			buildSettings = {
				BUNDLE_LOADER = "$(BUILT_PRODUCTS_DIR)/Kefi.app/Kefi";
				FRAMEWORK_SEARCH_PATHS = (
					"$(SDKROOT)/Developer/Library/Frameworks",
					"$(inherited)",
					"$(DEVELOPER_FRAMEWORKS_DIR)",
				);
				GCC_PRECOMPILE_PREFIX_HEADER = YES;
				GCC_PREFIX_HEADER = "Kefi/Kefi-Prefix.pch";
				GCC_PREPROCESSOR_DEFINITIONS = (
					"DEBUG=1",
					"$(inherited)",
				);
				INFOPLIST_FILE = "KefiTests/KefiTests-Info.plist";
				PRODUCT_NAME = "$(TARGET_NAME)";
				TEST_HOST = "$(BUNDLE_LOADER)";
				WRAPPER_EXTENSION = xctest;
			};
			name = Debug;
		};
		0D727ED618F099F2008310FC /* Release */ = {
			isa = XCBuildConfiguration;
			buildSettings = {
				BUNDLE_LOADER = "$(BUILT_PRODUCTS_DIR)/Kefi.app/Kefi";
				FRAMEWORK_SEARCH_PATHS = (
					"$(SDKROOT)/Developer/Library/Frameworks",
					"$(inherited)",
					"$(DEVELOPER_FRAMEWORKS_DIR)",
				);
				GCC_PRECOMPILE_PREFIX_HEADER = YES;
				GCC_PREFIX_HEADER = "Kefi/Kefi-Prefix.pch";
				INFOPLIST_FILE = "KefiTests/KefiTests-Info.plist";
				PRODUCT_NAME = "$(TARGET_NAME)";
				TEST_HOST = "$(BUNDLE_LOADER)";
				WRAPPER_EXTENSION = xctest;
			};
			name = Release;
		};
/* End XCBuildConfiguration section */

/* Begin XCConfigurationList section */
		0D727E9A18F099F1008310FC /* Build configuration list for PBXProject "Kefi" */ = {
			isa = XCConfigurationList;
			buildConfigurations = (
				0D727ECF18F099F2008310FC /* Debug */,
				0D727ED018F099F2008310FC /* Release */,
			);
			defaultConfigurationIsVisible = 0;
			defaultConfigurationName = Release;
		};
		0D727ED118F099F2008310FC /* Build configuration list for PBXNativeTarget "Kefi" */ = {
			isa = XCConfigurationList;
			buildConfigurations = (
				0D727ED218F099F2008310FC /* Debug */,
				0D727ED318F099F2008310FC /* Release */,
			);
			defaultConfigurationIsVisible = 0;
			defaultConfigurationName = Release;
		};
		0D727ED418F099F2008310FC /* Build configuration list for PBXNativeTarget "KefiTests" */ = {
			isa = XCConfigurationList;
			buildConfigurations = (
				0D727ED518F099F2008310FC /* Debug */,
				0D727ED618F099F2008310FC /* Release */,
			);
			defaultConfigurationIsVisible = 0;
			defaultConfigurationName = Release;
		};
/* End XCConfigurationList section */
	};
	rootObject = 0D727E9718F099F1008310FC /* Project object */;
}
